github.com/golang-infrastructure/go-reflect-utils v0.0.0-20221130143747-965ef2eb09c3 h1:jJ7AdpNdLQudsx1hiXY9iwmauHARV4/UB52KnBh9Se0=
github.com/golang-infrastructure/go-reflect-utils v0.0.0-20221130143747-965ef2eb09c3/go.mod h1:zqXYxqOBa1mL2ilBK6PuH/Wb/Iego7en6XhiKWdZQHI=
github.com/golang-infrastructure/go-tuple v0.0.0-20221130155202-9802def37975 h1:jjUSqOSj/U15UtJldfzW/mzQlEVM/hRQgV4VnJzKWt4=
github.com/golang-infrastructure/go-tuple v0.0.0-20221130155202-9802def37975/go.mod h1:cn8fHK0Sjxh7nSrnNpRa9wi1wIsmBLsjOip4LTjQz+Q=
